lockfileVersion: '9.0'

settings:
  autoInstallPeers: true
  excludeLinksFromLockfile: false

importers:

  .:
    devDependencies:
      '@types/node':
        specifier: ^24.10.0
        version: 24.10.3
      dprint:
        specifier: ^0.53.0
        version: 0.53.0

packages:

  '@dprint/darwin-arm64@0.53.0':
    resolution: {integrity: sha512-ks9Y6koRRHWQOGIXuAUTZt5QkbR8uRVYvj80SKbjZTBYWaazjgPBbzYjnsz5qD6K/ALAqjfGFj5pAx8hgpkxeQ==}
    cpu: [arm64]
    os: [darwin]

  '@dprint/darwin-x64@0.53.0':
    resolution: {integrity: sha512-h50X4bVMqcBbJBmH25ilyEBi/xqpxDIBuK01+k7TFMdk65N1u8hUjJyVV+2cEUhmHvXF/HVtSrRIRgIPJbQa5g==}
    cpu: [x64]
    os: [darwin]

  '@dprint/linux-arm64-glibc@0.53.0':
    resolution: {integrity: sha512-pQ2uGibLcshKvz6DAnJ+/I8GJ3BSTwfFbt7itC74ci0mIiY0szMByby1ctA8ojL0U6mQewsueN3uETx7udfurA==}
    cpu: [arm64]
    os: [linux]
    libc: [glibc]

  '@dprint/linux-arm64-musl@0.53.0':
    resolution: {integrity: sha512-YhUs/fsuftp8gaeHjraCGVHdyflhbZDMLfqRaDtlzXMS5byc+z3NWsWxDc2YRXCPt614ulr6l6fDWp6wiOzJyg==}
    cpu: [arm64]
    os: [linux]
    libc: [musl]

  '@dprint/linux-loong64-glibc@0.53.0':
    resolution: {integrity: sha512-Q4VZfD18+xIHbXcEq4xlHsYhYSENkrP7bYIXSZlMtAqgZiiSOZ1rYKRmtOWWbBhD5nJ1E0lN/AddEl8eYI8Ehg==}
    cpu: [loong64]
    os: [linux]
    libc: [glibc]

  '@dprint/linux-loong64-musl@0.53.0':
    resolution: {integrity: sha512-CUwrJ/GuNRk3gnDDU/ovqirOecr6ifiNLtTvfmfY83Xui3eJ2iNHQgy/BTgPhX9SDi6gnvMc+/yWUGGtsl3sag==}
    cpu: [loong64]
    os: [linux]
    libc: [musl]

  '@dprint/linux-riscv64-glibc@0.53.0':
    resolution: {integrity: sha512-R4wNskl87MhDK5YjYtn4qn8nFw+rtS5evudzVIz01UTyrnEiFynJbW6vUPFEl7r92FeZKdlqRuDBWDAsz8HhvQ==}
    cpu: [riscv64]
    os: [linux]
    libc: [glibc]

  '@dprint/linux-x64-glibc@0.53.0':
    resolution: {integrity: sha512-ynaC2AR9wXUtOnys3EUXCj7O2C75PCX2iMOIhDaqY/7+V9uigQEoNZqN9N/v72HSPhBNw37Z19Jy+yOwsvOwlg==}
    cpu: [x64]
    os: [linux]
    libc: [glibc]

  '@dprint/linux-x64-musl@0.53.0':
    resolution: {integrity: sha512-0/BY9FSmqfESeBfto2rZj2aX9ihlxHxtesfSZoCSGWdb9xPnhgn0D2CIswLZS7U37uSdX4+D8Hi97NWOLls+RA==}
    cpu: [x64]
    os: [linux]
    libc: [musl]

  '@dprint/win32-arm64@0.53.0':
    resolution: {integrity: sha512-RotC4SDfBvMuImh9DnPq3tMnzaol4lCQDa/QMPq1Ev4oAQGfxRlNKeI7hvwgY+otH6HJfwpD+YKv7YdNBEoH1g==}
    cpu: [arm64]
    os: [win32]

  '@dprint/win32-x64@0.53.0':
    resolution: {integrity: sha512-Z6a5Qua1QRoOZpDQTlfcIVOubZ1N0e84dc6NEtBriBNjfy8mUPS2zF+ifSx2M7EeuCKIyNAotVLmD2iydp2Ekg==}
    cpu: [x64]
    os: [win32]

  '@types/node@24.10.3':
    resolution: {integrity: sha512-gqkrWUsS8hcm0r44yn7/xZeV1ERva/nLgrLxFRUGb7aoNMIJfZJ3AC261zDQuOAKC7MiXai1WCpYc48jAHoShQ==}

  dprint@0.53.0:
    resolution: {integrity: sha512-6t/XQviNEMNIUeDFcGCbqF11JG2cUR3fxX0IQwEV2odFdNC1RwBjIRNhxHYR7vXQtaUMHntcsWuETX+V4evdcg==}
    hasBin: true

  undici-types@7.16.0:
    resolution: {integrity: sha512-Zz+aZWSj8LE6zoxD+xrjh4VfkIG8Ya6LvYkZqtUQGJPZjYl53ypCaUwWqo7eI0x66KBGeRo+mlBEkMSeSZ38Nw==}

snapshots:

  '@dprint/darwin-arm64@0.53.0':
    optional: true

  '@dprint/darwin-x64@0.53.0':
    optional: true

  '@dprint/linux-arm64-glibc@0.53.0':
    optional: true

  '@dprint/linux-arm64-musl@0.53.0':
    optional: true

  '@dprint/linux-loong64-glibc@0.53.0':
    optional: true

  '@dprint/linux-loong64-musl@0.53.0':
    optional: true

  '@dprint/linux-riscv64-glibc@0.53.0':
    optional: true

  '@dprint/linux-x64-glibc@0.53.0':
    optional: true

  '@dprint/linux-x64-musl@0.53.0':
    optional: true

  '@dprint/win32-arm64@0.53.0':
    optional: true

  '@dprint/win32-x64@0.53.0':
    optional: true

  '@types/node@24.10.3':
    dependencies:
      undici-types: 7.16.0

  dprint@0.53.0:
    optionalDependencies:
      '@dprint/darwin-arm64': 0.53.0
      '@dprint/darwin-x64': 0.53.0
      '@dprint/linux-arm64-glibc': 0.53.0
      '@dprint/linux-arm64-musl': 0.53.0
      '@dprint/linux-loong64-glibc': 0.53.0
      '@dprint/linux-loong64-musl': 0.53.0
      '@dprint/linux-riscv64-glibc': 0.53.0
      '@dprint/linux-x64-glibc': 0.53.0
      '@dprint/linux-x64-musl': 0.53.0
      '@dprint/win32-arm64': 0.53.0
      '@dprint/win32-x64': 0.53.0

  undici-types@7.16.0: {}
