lockfileVersion: '9.0'

settings:
  autoInstallPeers: true
  excludeLinksFromLockfile: false

importers:

  .:
    devDependencies:
      '@types/node':
        specifier: ^24.10.0
        version: 24.10.3
      dprint:
        specifier: ^0.53.0
        version: 0.53.2

packages:

  '@dprint/darwin-arm64@0.53.2':
    resolution: {integrity: sha512-ecKRF+mFE59layJPpX5AnYN7a9XNovX3f5QlPSdr+BmweoarOV2ieODyJklD5Tob9WiMv8jQyXYak5QH7fxByg==}
    cpu: [arm64]
    os: [darwin]

  '@dprint/darwin-x64@0.53.2':
    resolution: {integrity: sha512-sHe7bsPU9BXnBPovjsq+98S1g64W7ZhyfGKMSVMTwP1BCL+IqOltfd5p7xTvAaRkL8cwRzqPYlj+kmCf24Qydw==}
    cpu: [x64]
    os: [darwin]

  '@dprint/linux-arm64-glibc@0.53.2':
    resolution: {integrity: sha512-K0aj5bLtPlSsTDAtLwEjwDGPIVpc8lgmvpLzf6IdASJn1kMkowPoZSCNUvmUUJTTmANscMugLsi9XGVbBzkE6Q==}
    cpu: [arm64]
    os: [linux]
    libc: [glibc]

  '@dprint/linux-arm64-musl@0.53.2':
    resolution: {integrity: sha512-209yb6BGMiohPuB12wgnodULEs3JC1epLaHyN5s2XpDU7rWi6WqWkzeSuuN2TTAbDz4Z51tqe5KJSRsF0yi+Dg==}
    cpu: [arm64]
    os: [linux]
    libc: [musl]

  '@dprint/linux-loong64-glibc@0.53.2':
    resolution: {integrity: sha512-IngXJ6c7n/DYd2j1CssLHqxtGILMv0BEQZplx8kIYedGyVbzLSxJu7XpqgThnCuLQjh4elfRkT67Q8g7l//m0Q==}
    cpu: [loong64]
    os: [linux]
    libc: [glibc]

  '@dprint/linux-loong64-musl@0.53.2':
    resolution: {integrity: sha512-ExtcNOjSbXgpoWw5efAO00xYTOlEsEyz58v/HPJzEV5tfn9J7vozSVxTdXLDkTgg+USEQLaZ9qTnXxc1kbraiQ==}
    cpu: [loong64]
    os: [linux]
    libc: [musl]

  '@dprint/linux-riscv64-glibc@0.53.2':
    resolution: {integrity: sha512-2UTqXMkIhyK7rYdpBY7tE3x1R36msWjX3lU3MdYM9HauldnsHJx2EhZofIYzHBICH8eziw/W7aY8HWo4oLdJ/A==}
    cpu: [riscv64]
    os: [linux]
    libc: [glibc]

  '@dprint/linux-x64-glibc@0.53.2':
    resolution: {integrity: sha512-hO4O7d20IALUCFbFG2H7kvP5Di3/G8fqrMXzX9Fdps4ccM4Kg3Cr9LZ/G+mif4Q9WwwUnkOJ0oXBxeqJ8S65ng==}
    cpu: [x64]
    os: [linux]
    libc: [glibc]

  '@dprint/linux-x64-musl@0.53.2':
    resolution: {integrity: sha512-XHqYE5nFz1s5Z2J1E9j8JYHE4ISp5KCfaYT7fs4lW14G2B8U/CtutUGWzvP5aYRGfLc6CYGrWgKAQppn846vUQ==}
    cpu: [x64]
    os: [linux]
    libc: [musl]

  '@dprint/win32-arm64@0.53.2':
    resolution: {integrity: sha512-Z8N2iwhFN91wK0SlR+oGHGF8rrwOw7BiZTAKwR8E7Fr2lKSTsjbRv3Nr1znk2pHkmRyZ1/6PwzTiVF5sSZcIXQ==}
    cpu: [arm64]
    os: [win32]

  '@dprint/win32-x64@0.53.2':
    resolution: {integrity: sha512-xdOOm4ZG9pqKdnVvgFMp8/c9Ylkt2LcTFqjmxF1CoCZNNYGMUrH60YQl/M9R9wJXSSQOv6K+7Ub+hOWcIlxIjw==}
    cpu: [x64]
    os: [win32]

  '@types/node@24.10.3':
    resolution: {integrity: sha512-gqkrWUsS8hcm0r44yn7/xZeV1ERva/nLgrLxFRUGb7aoNMIJfZJ3AC261zDQuOAKC7MiXai1WCpYc48jAHoShQ==}

  dprint@0.53.2:
    resolution: {integrity: sha512-3uF+X66vm3UmDG5tbBKUAyetc/FsBn+2fswfVzFlbrIlE2l0BgwRLEssYqW/o93lYn6A39i3lP2+wHA4B+usDg==}
    hasBin: true

  undici-types@7.16.0:
    resolution: {integrity: sha512-Zz+aZWSj8LE6zoxD+xrjh4VfkIG8Ya6LvYkZqtUQGJPZjYl53ypCaUwWqo7eI0x66KBGeRo+mlBEkMSeSZ38Nw==}

snapshots:

  '@dprint/darwin-arm64@0.53.2':
    optional: true

  '@dprint/darwin-x64@0.53.2':
    optional: true

  '@dprint/linux-arm64-glibc@0.53.2':
    optional: true

  '@dprint/linux-arm64-musl@0.53.2':
    optional: true

  '@dprint/linux-loong64-glibc@0.53.2':
    optional: true

  '@dprint/linux-loong64-musl@0.53.2':
    optional: true

  '@dprint/linux-riscv64-glibc@0.53.2':
    optional: true

  '@dprint/linux-x64-glibc@0.53.2':
    optional: true

  '@dprint/linux-x64-musl@0.53.2':
    optional: true

  '@dprint/win32-arm64@0.53.2':
    optional: true

  '@dprint/win32-x64@0.53.2':
    optional: true

  '@types/node@24.10.3':
    dependencies:
      undici-types: 7.16.0

  dprint@0.53.2:
    optionalDependencies:
      '@dprint/darwin-arm64': 0.53.2
      '@dprint/darwin-x64': 0.53.2
      '@dprint/linux-arm64-glibc': 0.53.2
      '@dprint/linux-arm64-musl': 0.53.2
      '@dprint/linux-loong64-glibc': 0.53.2
      '@dprint/linux-loong64-musl': 0.53.2
      '@dprint/linux-riscv64-glibc': 0.53.2
      '@dprint/linux-x64-glibc': 0.53.2
      '@dprint/linux-x64-musl': 0.53.2
      '@dprint/win32-arm64': 0.53.2
      '@dprint/win32-x64': 0.53.2

  undici-types@7.16.0: {}
